{
  "requires": true,
  "lockfileVersion": 1,
  "dependencies": {
    "nes.css": {
      "version": "2.2.0",
      "resolved": "https://registry.npmjs.org/nes.css/-/nes.css-2.2.0.tgz",
      "integrity": "sha512-/h//JtiQ1Qlin1pymQmwo/4cdzJW9R03CRNCPThlK7sGEhwWgDIVo2zpJXVZXRsw6n6VkFE/F1/eRBfbX4TN4g=="
    }
  }
}
